
Microsoft Visual Studio Solution File, Format Version 12.00
# Visual Studio Version 16
VisualStudioVersion = 16.0.29102.190
MinimumVisualStudioVersion = 10.0.40219.1
Project("{FAE04EC0-301F-11D3-BF4B-00C04F79EFBC}") = "Solution1", "Solution1\Solution1.csproj", "{BCCB9414-5D3C-472A-95CC-E55054B8D8D3}"
EndProject
Global
	GlobalSection(SolutionConfigurationPlatforms) = preSolution
		Debug|Any CPU = Debug|Any CPU
		Release|Any CPU = Release|Any CPU
	EndGlobalSection
	GlobalSection(ProjectConfigurationPlatforms) = postSolution
		{BCCB9414-5D3C-472A-95CC-E55054B8D8D3}.Debug|Any CPU.ActiveCfg = Debug|Any CPU
		{BCCB9414-5D3C-472A-95CC-E55054B8D8D3}.Debug|Any CPU.Build.0 = Debug|Any CPU
		{BCCB9414-5D3C-472A-95CC-E55054B8D8D3}.Release|Any CPU.ActiveCfg = Release|Any CPU
		{BCCB9414-5D3C-472A-95CC-E55054B8D8D3}.Release|Any CPU.Build.0 = Release|Any CPU
	EndGlobalSection
	GlobalSection(SolutionProperties) = preSolution
		HideSolutionNode = FALSE
	EndGlobalSection
	GlobalSection(ExtensibilityGlobals) = postSolution
		SolutionGuid = {6897A0F3-45BD-4F95-A563-57857FE7296C}
	EndGlobalSection
EndGlobal
