
Microsoft Visual Studio Solution File, Format Version 12.00
# Visual Studio Version 16
VisualStudioVersion = 16.0.29306.81
MinimumVisualStudioVersion = 10.0.40219.1
Project("{FAE04EC0-301F-11D3-BF4B-00C04F79EFBC}") = "CatalogoCelulares", "CatalogoCelulares\CatalogoCelulares.csproj", "{869C99D1-5595-4F4F-B154-D0F53337F419}"
EndProject
Project("{FAE04EC0-301F-11D3-BF4B-00C04F79EFBC}") = "CellDu", "CellDu\CellDu.csproj", "{BAD96A15-D0FB-44A5-A3DB-CD6FD97E4FE3}"
EndProject
Global
	GlobalSection(SolutionConfigurationPlatforms) = preSolution
		Debug|Any CPU = Debug|Any CPU
		Release|Any CPU = Release|Any CPU
	EndGlobalSection
	GlobalSection(ProjectConfigurationPlatforms) = postSolution
		{869C99D1-5595-4F4F-B154-D0F53337F419}.Debug|Any CPU.ActiveCfg = Debug|Any CPU
		{869C99D1-5595-4F4F-B154-D0F53337F419}.Debug|Any CPU.Build.0 = Debug|Any CPU
		{869C99D1-5595-4F4F-B154-D0F53337F419}.Release|Any CPU.ActiveCfg = Release|Any CPU
		{869C99D1-5595-4F4F-B154-D0F53337F419}.Release|Any CPU.Build.0 = Release|Any CPU
		{BAD96A15-D0FB-44A5-A3DB-CD6FD97E4FE3}.Debug|Any CPU.ActiveCfg = Debug|Any CPU
		{BAD96A15-D0FB-44A5-A3DB-CD6FD97E4FE3}.Debug|Any CPU.Build.0 = Debug|Any CPU
		{BAD96A15-D0FB-44A5-A3DB-CD6FD97E4FE3}.Release|Any CPU.ActiveCfg = Release|Any CPU
		{BAD96A15-D0FB-44A5-A3DB-CD6FD97E4FE3}.Release|Any CPU.Build.0 = Release|Any CPU
	EndGlobalSection
	GlobalSection(SolutionProperties) = preSolution
		HideSolutionNode = FALSE
	EndGlobalSection
	GlobalSection(ExtensibilityGlobals) = postSolution
		SolutionGuid = {52C8A6E8-1601-4766-9320-2404C4B7097D}
	EndGlobalSection
EndGlobal
