
Microsoft Visual Studio Solution File, Format Version 12.00
# Visual Studio Version 16
VisualStudioVersion = 16.0.29102.190
MinimumVisualStudioVersion = 10.0.40219.1
Project("{FAE04EC0-301F-11D3-BF4B-00C04F79EFBC}") = "CalculandoImc", "CalculandoImc\CalculandoImc.csproj", "{83FEC6F7-2CDF-444B-AD01-67AFEC77B801}"
EndProject
Global
	GlobalSection(SolutionConfigurationPlatforms) = preSolution
		Debug|Any CPU = Debug|Any CPU
		Release|Any CPU = Release|Any CPU
	EndGlobalSection
	GlobalSection(ProjectConfigurationPlatforms) = postSolution
		{83FEC6F7-2CDF-444B-AD01-67AFEC77B801}.Debug|Any CPU.ActiveCfg = Debug|Any CPU
		{83FEC6F7-2CDF-444B-AD01-67AFEC77B801}.Debug|Any CPU.Build.0 = Debug|Any CPU
		{83FEC6F7-2CDF-444B-AD01-67AFEC77B801}.Release|Any CPU.ActiveCfg = Release|Any CPU
		{83FEC6F7-2CDF-444B-AD01-67AFEC77B801}.Release|Any CPU.Build.0 = Release|Any CPU
	EndGlobalSection
	GlobalSection(SolutionProperties) = preSolution
		HideSolutionNode = FALSE
	EndGlobalSection
	GlobalSection(ExtensibilityGlobals) = postSolution
		SolutionGuid = {89405996-081E-4367-A9C7-1E9619724DA7}
	EndGlobalSection
EndGlobal
