
Microsoft Visual Studio Solution File, Format Version 12.00
# Visual Studio Version 16
VisualStudioVersion = 16.0.29209.62
MinimumVisualStudioVersion = 10.0.40219.1
Project("{FAE04EC0-301F-11D3-BF4B-00C04F79EFBC}") = "ForeachNaLista", "ForeachNaLista\ForeachNaLista.csproj", "{C507A03B-0515-418A-88F7-2653D1439818}"
EndProject
Project("{FAE04EC0-301F-11D3-BF4B-00C04F79EFBC}") = "MetodosPublicos", "MetodosPublicos\MetodosPublicos.csproj", "{C4BFAEFB-A562-4D73-9FFC-F45A9B1D513D}"
EndProject
Project("{FAE04EC0-301F-11D3-BF4B-00C04F79EFBC}") = "ConversorMonetario", "ConversorMonetario\ConversorMonetario.csproj", "{3E3556D9-F4A5-4330-87DE-E5AE9967EA41}"
EndProject
Global
	GlobalSection(SolutionConfigurationPlatforms) = preSolution
		Debug|Any CPU = Debug|Any CPU
		Release|Any CPU = Release|Any CPU
	EndGlobalSection
	GlobalSection(ProjectConfigurationPlatforms) = postSolution
		{C507A03B-0515-418A-88F7-2653D1439818}.Debug|Any CPU.ActiveCfg = Debug|Any CPU
		{C507A03B-0515-418A-88F7-2653D1439818}.Debug|Any CPU.Build.0 = Debug|Any CPU
		{C507A03B-0515-418A-88F7-2653D1439818}.Release|Any CPU.ActiveCfg = Release|Any CPU
		{C507A03B-0515-418A-88F7-2653D1439818}.Release|Any CPU.Build.0 = Release|Any CPU
		{C4BFAEFB-A562-4D73-9FFC-F45A9B1D513D}.Debug|Any CPU.ActiveCfg = Debug|Any CPU
		{C4BFAEFB-A562-4D73-9FFC-F45A9B1D513D}.Debug|Any CPU.Build.0 = Debug|Any CPU
		{C4BFAEFB-A562-4D73-9FFC-F45A9B1D513D}.Release|Any CPU.ActiveCfg = Release|Any CPU
		{C4BFAEFB-A562-4D73-9FFC-F45A9B1D513D}.Release|Any CPU.Build.0 = Release|Any CPU
		{3E3556D9-F4A5-4330-87DE-E5AE9967EA41}.Debug|Any CPU.ActiveCfg = Debug|Any CPU
		{3E3556D9-F4A5-4330-87DE-E5AE9967EA41}.Debug|Any CPU.Build.0 = Debug|Any CPU
		{3E3556D9-F4A5-4330-87DE-E5AE9967EA41}.Release|Any CPU.ActiveCfg = Release|Any CPU
		{3E3556D9-F4A5-4330-87DE-E5AE9967EA41}.Release|Any CPU.Build.0 = Release|Any CPU
	EndGlobalSection
	GlobalSection(SolutionProperties) = preSolution
		HideSolutionNode = FALSE
	EndGlobalSection
	GlobalSection(ExtensibilityGlobals) = postSolution
		SolutionGuid = {E562AA17-F5BC-46BF-A85F-6146F6F4FD84}
	EndGlobalSection
EndGlobal
