
Microsoft Visual Studio Solution File, Format Version 12.00
# Visual Studio Version 16
VisualStudioVersion = 16.0.29102.190
MinimumVisualStudioVersion = 10.0.40219.1
Project("{FAE04EC0-301F-11D3-BF4B-00C04F79EFBC}") = "SolucaoListaDeNomes", "SolucaoListaDeNomes\SolucaoListaDeNomes.csproj", "{347B74BE-175D-435C-BA30-9A91C5DE6C3E}"
EndProject
Global
	GlobalSection(SolutionConfigurationPlatforms) = preSolution
		Debug|Any CPU = Debug|Any CPU
		Release|Any CPU = Release|Any CPU
	EndGlobalSection
	GlobalSection(ProjectConfigurationPlatforms) = postSolution
		{347B74BE-175D-435C-BA30-9A91C5DE6C3E}.Debug|Any CPU.ActiveCfg = Debug|Any CPU
		{347B74BE-175D-435C-BA30-9A91C5DE6C3E}.Debug|Any CPU.Build.0 = Debug|Any CPU
		{347B74BE-175D-435C-BA30-9A91C5DE6C3E}.Release|Any CPU.ActiveCfg = Release|Any CPU
		{347B74BE-175D-435C-BA30-9A91C5DE6C3E}.Release|Any CPU.Build.0 = Release|Any CPU
	EndGlobalSection
	GlobalSection(SolutionProperties) = preSolution
		HideSolutionNode = FALSE
	EndGlobalSection
	GlobalSection(ExtensibilityGlobals) = postSolution
		SolutionGuid = {9A217100-2E33-4AFB-AEF1-0A647B2BA0FE}
	EndGlobalSection
EndGlobal
