
Microsoft Visual Studio Solution File, Format Version 12.00
# Visual Studio Version 16
VisualStudioVersion = 16.0.29123.88
MinimumVisualStudioVersion = 10.0.40219.1
Project("{FAE04EC0-301F-11D3-BF4B-00C04F79EFBC}") = "CestaDeFrutas", "CestaDeFrutas\CestaDeFrutas.csproj", "{65171211-C9E9-4F6B-9BE8-D4FCAE3E34CA}"
EndProject
Project("{FAE04EC0-301F-11D3-BF4B-00C04F79EFBC}") = "FiltrandoListasExercicioModoXGH", "FiltrandoListasExercicio\FiltrandoListasExercicioModoXGH.csproj", "{7B42336B-1CCE-43EE-A34C-E05822EE304C}"
EndProject
Global
	GlobalSection(SolutionConfigurationPlatforms) = preSolution
		Debug|Any CPU = Debug|Any CPU
		Release|Any CPU = Release|Any CPU
	EndGlobalSection
	GlobalSection(ProjectConfigurationPlatforms) = postSolution
		{65171211-C9E9-4F6B-9BE8-D4FCAE3E34CA}.Debug|Any CPU.ActiveCfg = Debug|Any CPU
		{65171211-C9E9-4F6B-9BE8-D4FCAE3E34CA}.Debug|Any CPU.Build.0 = Debug|Any CPU
		{65171211-C9E9-4F6B-9BE8-D4FCAE3E34CA}.Release|Any CPU.ActiveCfg = Release|Any CPU
		{65171211-C9E9-4F6B-9BE8-D4FCAE3E34CA}.Release|Any CPU.Build.0 = Release|Any CPU
		{7B42336B-1CCE-43EE-A34C-E05822EE304C}.Debug|Any CPU.ActiveCfg = Debug|Any CPU
		{7B42336B-1CCE-43EE-A34C-E05822EE304C}.Debug|Any CPU.Build.0 = Debug|Any CPU
		{7B42336B-1CCE-43EE-A34C-E05822EE304C}.Release|Any CPU.ActiveCfg = Release|Any CPU
		{7B42336B-1CCE-43EE-A34C-E05822EE304C}.Release|Any CPU.Build.0 = Release|Any CPU
	EndGlobalSection
	GlobalSection(SolutionProperties) = preSolution
		HideSolutionNode = FALSE
	EndGlobalSection
	GlobalSection(ExtensibilityGlobals) = postSolution
		SolutionGuid = {BB8AC471-B53B-42FE-8A4C-56C86572786D}
	EndGlobalSection
EndGlobal
