
Microsoft Visual Studio Solution File, Format Version 12.00
# Visual Studio Version 16
VisualStudioVersion = 16.0.29102.190
MinimumVisualStudioVersion = 10.0.40219.1
Project("{FAE04EC0-301F-11D3-BF4B-00C04F79EFBC}") = "StringTypesConcat", "StringTypesConcat\StringTypesConcat.csproj", "{144DBB9C-FAE7-4BE0-9D25-4B53EE035776}"
EndProject
Global
	GlobalSection(SolutionConfigurationPlatforms) = preSolution
		Debug|Any CPU = Debug|Any CPU
		Release|Any CPU = Release|Any CPU
	EndGlobalSection
	GlobalSection(ProjectConfigurationPlatforms) = postSolution
		{144DBB9C-FAE7-4BE0-9D25-4B53EE035776}.Debug|Any CPU.ActiveCfg = Debug|Any CPU
		{144DBB9C-FAE7-4BE0-9D25-4B53EE035776}.Debug|Any CPU.Build.0 = Debug|Any CPU
		{144DBB9C-FAE7-4BE0-9D25-4B53EE035776}.Release|Any CPU.ActiveCfg = Release|Any CPU
		{144DBB9C-FAE7-4BE0-9D25-4B53EE035776}.Release|Any CPU.Build.0 = Release|Any CPU
	EndGlobalSection
	GlobalSection(SolutionProperties) = preSolution
		HideSolutionNode = FALSE
	EndGlobalSection
	GlobalSection(ExtensibilityGlobals) = postSolution
		SolutionGuid = {5C46917A-310D-4536-9D9F-B9BB32801B1C}
	EndGlobalSection
EndGlobal
