
Microsoft Visual Studio Solution File, Format Version 12.00
# Visual Studio Version 16
VisualStudioVersion = 16.0.29306.81
MinimumVisualStudioVersion = 10.0.40219.1
Project("{FAE04EC0-301F-11D3-BF4B-00C04F79EFBC}") = "LocacaoBiblioteca", "LocacaoBiblioteca\LocacaoBiblioteca.csproj", "{ADB33D52-547A-4DF3-B1BD-B44E538EBC57}"
EndProject
Project("{FAE04EC0-301F-11D3-BF4B-00C04F79EFBC}") = "InterfaceBiblioteca", "InterfaceBiblioteca\InterfaceBiblioteca.csproj", "{09E569EA-6044-44B4-BE1D-D08D2A494367}"
EndProject
Global
	GlobalSection(SolutionConfigurationPlatforms) = preSolution
		Debug|Any CPU = Debug|Any CPU
		Release|Any CPU = Release|Any CPU
	EndGlobalSection
	GlobalSection(ProjectConfigurationPlatforms) = postSolution
		{ADB33D52-547A-4DF3-B1BD-B44E538EBC57}.Debug|Any CPU.ActiveCfg = Debug|Any CPU
		{ADB33D52-547A-4DF3-B1BD-B44E538EBC57}.Debug|Any CPU.Build.0 = Debug|Any CPU
		{ADB33D52-547A-4DF3-B1BD-B44E538EBC57}.Release|Any CPU.ActiveCfg = Release|Any CPU
		{ADB33D52-547A-4DF3-B1BD-B44E538EBC57}.Release|Any CPU.Build.0 = Release|Any CPU
		{09E569EA-6044-44B4-BE1D-D08D2A494367}.Debug|Any CPU.ActiveCfg = Debug|Any CPU
		{09E569EA-6044-44B4-BE1D-D08D2A494367}.Debug|Any CPU.Build.0 = Debug|Any CPU
		{09E569EA-6044-44B4-BE1D-D08D2A494367}.Release|Any CPU.ActiveCfg = Release|Any CPU
		{09E569EA-6044-44B4-BE1D-D08D2A494367}.Release|Any CPU.Build.0 = Release|Any CPU
	EndGlobalSection
	GlobalSection(SolutionProperties) = preSolution
		HideSolutionNode = FALSE
	EndGlobalSection
	GlobalSection(ExtensibilityGlobals) = postSolution
		SolutionGuid = {BF5DC099-94B0-4FCB-A608-F80F959BAC1D}
	EndGlobalSection
EndGlobal
