
Microsoft Visual Studio Solution File, Format Version 12.00
# Visual Studio Version 16
VisualStudioVersion = 16.0.29102.190
MinimumVisualStudioVersion = 10.0.40219.1
Project("{FAE04EC0-301F-11D3-BF4B-00C04F79EFBC}") = "CompactarTexto", "CompactarTexto\CompactarTexto.csproj", "{5FA3FB27-AD52-4717-B61E-0EA232EE7FF3}"
EndProject
Global
	GlobalSection(SolutionConfigurationPlatforms) = preSolution
		Debug|Any CPU = Debug|Any CPU
		Release|Any CPU = Release|Any CPU
	EndGlobalSection
	GlobalSection(ProjectConfigurationPlatforms) = postSolution
		{5FA3FB27-AD52-4717-B61E-0EA232EE7FF3}.Debug|Any CPU.ActiveCfg = Debug|Any CPU
		{5FA3FB27-AD52-4717-B61E-0EA232EE7FF3}.Debug|Any CPU.Build.0 = Debug|Any CPU
		{5FA3FB27-AD52-4717-B61E-0EA232EE7FF3}.Release|Any CPU.ActiveCfg = Release|Any CPU
		{5FA3FB27-AD52-4717-B61E-0EA232EE7FF3}.Release|Any CPU.Build.0 = Release|Any CPU
	EndGlobalSection
	GlobalSection(SolutionProperties) = preSolution
		HideSolutionNode = FALSE
	EndGlobalSection
	GlobalSection(ExtensibilityGlobals) = postSolution
		SolutionGuid = {49BF95DA-CE57-4730-AD9E-85EFC9214CBE}
	EndGlobalSection
EndGlobal
