
Microsoft Visual Studio Solution File, Format Version 12.00
# Visual Studio Version 16
VisualStudioVersion = 16.0.29306.81
MinimumVisualStudioVersion = 10.0.40219.1
Project("{FAE04EC0-301F-11D3-BF4B-00C04F79EFBC}") = "Aula9", "Aula9\Aula9.csproj", "{52F6616B-18F8-410B-8221-865C6A9C8BEB}"
EndProject
Global
	GlobalSection(SolutionConfigurationPlatforms) = preSolution
		Debug|Any CPU = Debug|Any CPU
		Release|Any CPU = Release|Any CPU
	EndGlobalSection
	GlobalSection(ProjectConfigurationPlatforms) = postSolution
		{52F6616B-18F8-410B-8221-865C6A9C8BEB}.Debug|Any CPU.ActiveCfg = Debug|Any CPU
		{52F6616B-18F8-410B-8221-865C6A9C8BEB}.Debug|Any CPU.Build.0 = Debug|Any CPU
		{52F6616B-18F8-410B-8221-865C6A9C8BEB}.Release|Any CPU.ActiveCfg = Release|Any CPU
		{52F6616B-18F8-410B-8221-865C6A9C8BEB}.Release|Any CPU.Build.0 = Release|Any CPU
	EndGlobalSection
	GlobalSection(SolutionProperties) = preSolution
		HideSolutionNode = FALSE
	EndGlobalSection
	GlobalSection(ExtensibilityGlobals) = postSolution
		SolutionGuid = {5CFA273A-A16F-4390-8367-B7DD21665221}
	EndGlobalSection
EndGlobal
