
Microsoft Visual Studio Solution File, Format Version 12.00
# Visual Studio Version 16
VisualStudioVersion = 16.0.29306.81
MinimumVisualStudioVersion = 10.0.40219.1
Project("{FAE04EC0-301F-11D3-BF4B-00C04F79EFBC}") = "Teste", "Teste\Teste.csproj", "{21F9D5B8-F55F-4912-A5EC-034BAFA8C371}"
EndProject
Global
	GlobalSection(SolutionConfigurationPlatforms) = preSolution
		Debug|Any CPU = Debug|Any CPU
		Release|Any CPU = Release|Any CPU
	EndGlobalSection
	GlobalSection(ProjectConfigurationPlatforms) = postSolution
		{21F9D5B8-F55F-4912-A5EC-034BAFA8C371}.Debug|Any CPU.ActiveCfg = Debug|Any CPU
		{21F9D5B8-F55F-4912-A5EC-034BAFA8C371}.Debug|Any CPU.Build.0 = Debug|Any CPU
		{21F9D5B8-F55F-4912-A5EC-034BAFA8C371}.Release|Any CPU.ActiveCfg = Release|Any CPU
		{21F9D5B8-F55F-4912-A5EC-034BAFA8C371}.Release|Any CPU.Build.0 = Release|Any CPU
	EndGlobalSection
	GlobalSection(SolutionProperties) = preSolution
		HideSolutionNode = FALSE
	EndGlobalSection
	GlobalSection(ExtensibilityGlobals) = postSolution
		SolutionGuid = {520756D4-4703-43E7-927B-A7D16CCE2436}
	EndGlobalSection
EndGlobal
