
Microsoft Visual Studio Solution File, Format Version 12.00
# Visual Studio Version 16
VisualStudioVersion = 16.0.29102.190
MinimumVisualStudioVersion = 10.0.40219.1
Project("{FAE04EC0-301F-11D3-BF4B-00C04F79EFBC}") = "CalculandoImcV3", "CalculandoImcV3\CalculandoImcV3.csproj", "{B5D511AA-26D2-4CC2-9ADD-927B792C30DF}"
EndProject
Global
	GlobalSection(SolutionConfigurationPlatforms) = preSolution
		Debug|Any CPU = Debug|Any CPU
		Release|Any CPU = Release|Any CPU
	EndGlobalSection
	GlobalSection(ProjectConfigurationPlatforms) = postSolution
		{B5D511AA-26D2-4CC2-9ADD-927B792C30DF}.Debug|Any CPU.ActiveCfg = Debug|Any CPU
		{B5D511AA-26D2-4CC2-9ADD-927B792C30DF}.Debug|Any CPU.Build.0 = Debug|Any CPU
		{B5D511AA-26D2-4CC2-9ADD-927B792C30DF}.Release|Any CPU.ActiveCfg = Release|Any CPU
		{B5D511AA-26D2-4CC2-9ADD-927B792C30DF}.Release|Any CPU.Build.0 = Release|Any CPU
	EndGlobalSection
	GlobalSection(SolutionProperties) = preSolution
		HideSolutionNode = FALSE
	EndGlobalSection
	GlobalSection(ExtensibilityGlobals) = postSolution
		SolutionGuid = {211A99BB-D458-46AE-AEF0-965417C56C04}
	EndGlobalSection
EndGlobal
