
Microsoft Visual Studio Solution File, Format Version 12.00
# Visual Studio Version 16
VisualStudioVersion = 16.0.29102.190
MinimumVisualStudioVersion = 10.0.40219.1
Project("{FAE04EC0-301F-11D3-BF4B-00C04F79EFBC}") = "MatrizArray", "MatrizArray\MatrizArray.csproj", "{F0CF0CEB-AB8E-44F3-817A-5663A5DE23CB}"
EndProject
Global
	GlobalSection(SolutionConfigurationPlatforms) = preSolution
		Debug|Any CPU = Debug|Any CPU
		Release|Any CPU = Release|Any CPU
	EndGlobalSection
	GlobalSection(ProjectConfigurationPlatforms) = postSolution
		{F0CF0CEB-AB8E-44F3-817A-5663A5DE23CB}.Debug|Any CPU.ActiveCfg = Debug|Any CPU
		{F0CF0CEB-AB8E-44F3-817A-5663A5DE23CB}.Debug|Any CPU.Build.0 = Debug|Any CPU
		{F0CF0CEB-AB8E-44F3-817A-5663A5DE23CB}.Release|Any CPU.ActiveCfg = Release|Any CPU
		{F0CF0CEB-AB8E-44F3-817A-5663A5DE23CB}.Release|Any CPU.Build.0 = Release|Any CPU
	EndGlobalSection
	GlobalSection(SolutionProperties) = preSolution
		HideSolutionNode = FALSE
	EndGlobalSection
	GlobalSection(ExtensibilityGlobals) = postSolution
		SolutionGuid = {9A99A69A-C9EC-4B9B-8615-F129271171D1}
	EndGlobalSection
EndGlobal
