
Microsoft Visual Studio Solution File, Format Version 12.00
# Visual Studio Version 16
VisualStudioVersion = 16.0.29102.190
MinimumVisualStudioVersion = 10.0.40219.1
Project("{FAE04EC0-301F-11D3-BF4B-00C04F79EFBC}") = "UtilizandoWhile", "UtilizandoWhile\UtilizandoWhile.csproj", "{F1EF938A-10D2-4BCB-8D1E-76269F2DD6BE}"
EndProject
Project("{FAE04EC0-301F-11D3-BF4B-00C04F79EFBC}") = "UtilizandoFor", "UtilizandoFor\UtilizandoFor.csproj", "{B8DDC675-B0E8-4FA8-BD3F-C0EA9824D5BF}"
EndProject
Project("{FAE04EC0-301F-11D3-BF4B-00C04F79EFBC}") = "ProcurandoTextoUsandoFor", "ProcurandoTextoUsandoFor\ProcurandoTextoUsandoFor.csproj", "{23E1D7B6-6E37-4781-841E-26E505A54939}"
EndProject
Project("{FAE04EC0-301F-11D3-BF4B-00C04F79EFBC}") = "ProcurandoTextoUsandoWhile", "ProcurandoTextoUsandoWhile\ProcurandoTextoUsandoWhile.csproj", "{33D4290C-E4F7-47D0-B6B2-088F48FCC9C0}"
EndProject
Project("{FAE04EC0-301F-11D3-BF4B-00C04F79EFBC}") = "ExerciciosForWhileFuncao", "ExerciciosForWhileFuncao\ExerciciosForWhileFuncao.csproj", "{77E6D153-5104-4953-BBA6-76B16457BE11}"
EndProject
Global
	GlobalSection(SolutionConfigurationPlatforms) = preSolution
		Debug|Any CPU = Debug|Any CPU
		Release|Any CPU = Release|Any CPU
	EndGlobalSection
	GlobalSection(ProjectConfigurationPlatforms) = postSolution
		{F1EF938A-10D2-4BCB-8D1E-76269F2DD6BE}.Debug|Any CPU.ActiveCfg = Debug|Any CPU
		{F1EF938A-10D2-4BCB-8D1E-76269F2DD6BE}.Debug|Any CPU.Build.0 = Debug|Any CPU
		{F1EF938A-10D2-4BCB-8D1E-76269F2DD6BE}.Release|Any CPU.ActiveCfg = Release|Any CPU
		{F1EF938A-10D2-4BCB-8D1E-76269F2DD6BE}.Release|Any CPU.Build.0 = Release|Any CPU
		{B8DDC675-B0E8-4FA8-BD3F-C0EA9824D5BF}.Debug|Any CPU.ActiveCfg = Debug|Any CPU
		{B8DDC675-B0E8-4FA8-BD3F-C0EA9824D5BF}.Debug|Any CPU.Build.0 = Debug|Any CPU
		{B8DDC675-B0E8-4FA8-BD3F-C0EA9824D5BF}.Release|Any CPU.ActiveCfg = Release|Any CPU
		{B8DDC675-B0E8-4FA8-BD3F-C0EA9824D5BF}.Release|Any CPU.Build.0 = Release|Any CPU
		{23E1D7B6-6E37-4781-841E-26E505A54939}.Debug|Any CPU.ActiveCfg = Debug|Any CPU
		{23E1D7B6-6E37-4781-841E-26E505A54939}.Debug|Any CPU.Build.0 = Debug|Any CPU
		{23E1D7B6-6E37-4781-841E-26E505A54939}.Release|Any CPU.ActiveCfg = Release|Any CPU
		{23E1D7B6-6E37-4781-841E-26E505A54939}.Release|Any CPU.Build.0 = Release|Any CPU
		{33D4290C-E4F7-47D0-B6B2-088F48FCC9C0}.Debug|Any CPU.ActiveCfg = Debug|Any CPU
		{33D4290C-E4F7-47D0-B6B2-088F48FCC9C0}.Debug|Any CPU.Build.0 = Debug|Any CPU
		{33D4290C-E4F7-47D0-B6B2-088F48FCC9C0}.Release|Any CPU.ActiveCfg = Release|Any CPU
		{33D4290C-E4F7-47D0-B6B2-088F48FCC9C0}.Release|Any CPU.Build.0 = Release|Any CPU
		{77E6D153-5104-4953-BBA6-76B16457BE11}.Debug|Any CPU.ActiveCfg = Debug|Any CPU
		{77E6D153-5104-4953-BBA6-76B16457BE11}.Debug|Any CPU.Build.0 = Debug|Any CPU
		{77E6D153-5104-4953-BBA6-76B16457BE11}.Release|Any CPU.ActiveCfg = Release|Any CPU
		{77E6D153-5104-4953-BBA6-76B16457BE11}.Release|Any CPU.Build.0 = Release|Any CPU
	EndGlobalSection
	GlobalSection(SolutionProperties) = preSolution
		HideSolutionNode = FALSE
	EndGlobalSection
	GlobalSection(ExtensibilityGlobals) = postSolution
		SolutionGuid = {FBC07C3D-756D-4947-AF95-ECC6CEEF4AA3}
	EndGlobalSection
EndGlobal
